
Microsoft Visual Studio Solution File, Format Version 12.00
Project("{FAE04EC0-301F-11D3-BF4B-00C04F79EFBC}") = "CommonSharedLibrary", "CommonSharedLibrary\CommonSharedLibrary.csproj", "{F52684C1-8658-47B0-AAEB-A0B207FC2BC3}"
EndProject
Global
	GlobalSection(SolutionConfigurationPlatforms) = preSolution
		Debug|Any CPU = Debug|Any CPU
		Release|Any CPU = Release|Any CPU
	EndGlobalSection
	GlobalSection(ProjectConfigurationPlatforms) = postSolution
		{F52684C1-8658-47B0-AAEB-A0B207FC2BC3}.Debug|Any CPU.ActiveCfg = Debug|Any CPU
		{F52684C1-8658-47B0-AAEB-A0B207FC2BC3}.Debug|Any CPU.Build.0 = Debug|Any CPU
		{F52684C1-8658-47B0-AAEB-A0B207FC2BC3}.Release|Any CPU.ActiveCfg = Release|Any CPU
		{F52684C1-8658-47B0-AAEB-A0B207FC2BC3}.Release|Any CPU.Build.0 = Release|Any CPU
	EndGlobalSection
EndGlobal
